
Microsoft Visual Studio Solution File, Format Version 12.00
# Visual Studio Version 17
VisualStudioVersion = 17.9.34723.18
MinimumVisualStudioVersion = 10.0.40219.1
Project("{9A19103F-16F7-4668-BE54-9A1E7A4F7556}") = "HW25", "HW25\HW25.csproj", "{2CF659A9-0A07-4121-AE10-7F81EFE60272}"
EndProject
Project("{FAE04EC0-301F-11D3-BF4B-00C04F79EFBC}") = "HW25.WebAPI", "HW25.WebAPI\HW25.WebAPI.csproj", "{B68ECFD6-8BA8-4C58-8D8B-AA010B1F3BA1}"
EndProject
Global
	GlobalSection(SolutionConfigurationPlatforms) = preSolution
		Debug|Any CPU = Debug|Any CPU
		Release|Any CPU = Release|Any CPU
	EndGlobalSection
	GlobalSection(ProjectConfigurationPlatforms) = postSolution
		{2CF659A9-0A07-4121-AE10-7F81EFE60272}.Debug|Any CPU.ActiveCfg = Debug|Any CPU
		{2CF659A9-0A07-4121-AE10-7F81EFE60272}.Debug|Any CPU.Build.0 = Debug|Any CPU
		{2CF659A9-0A07-4121-AE10-7F81EFE60272}.Release|Any CPU.ActiveCfg = Release|Any CPU
		{2CF659A9-0A07-4121-AE10-7F81EFE60272}.Release|Any CPU.Build.0 = Release|Any CPU
		{B68ECFD6-8BA8-4C58-8D8B-AA010B1F3BA1}.Debug|Any CPU.ActiveCfg = Debug|Any CPU
		{B68ECFD6-8BA8-4C58-8D8B-AA010B1F3BA1}.Debug|Any CPU.Build.0 = Debug|Any CPU
		{B68ECFD6-8BA8-4C58-8D8B-AA010B1F3BA1}.Release|Any CPU.ActiveCfg = Release|Any CPU
		{B68ECFD6-8BA8-4C58-8D8B-AA010B1F3BA1}.Release|Any CPU.Build.0 = Release|Any CPU
	EndGlobalSection
	GlobalSection(SolutionProperties) = preSolution
		HideSolutionNode = FALSE
	EndGlobalSection
	GlobalSection(ExtensibilityGlobals) = postSolution
		SolutionGuid = {F5F34D66-48B2-4C8E-BE93-1CB05FDA753C}
	EndGlobalSection
EndGlobal
